Microsoft Visual Studio Solution File, Format Version 11.00
# Visual Studio 2008

Project("{6DB0072D-E4D2-F3B0-43AA-A41305843FBA}") = "ColorRunGame", "Assembly-CSharp.csproj", "{127647F5-6D29-EC21-42A6-B7D97FCA3DE2}"
EndProject
Global
	GlobalSection(SolutionConfigurationPlatforms) = preSolution
		Debug|Any CPU = Debug|Any CPU
		Release|Any CPU = Release|Any CPU
	EndGlobalSection
	GlobalSection(ProjectConfigurationPlatforms) = postSolution
		{127647F5-6D29-EC21-42A6-B7D97FCA3DE2}.Debug|Any CPU.ActiveCfg = Debug|Any CPU
		{127647F5-6D29-EC21-42A6-B7D97FCA3DE2}.Debug|Any CPU.Build.0 = Debug|Any CPU
		{127647F5-6D29-EC21-42A6-B7D97FCA3DE2}.Release|Any CPU.ActiveCfg = Release|Any CPU
		{127647F5-6D29-EC21-42A6-B7D97FCA3DE2}.Release|Any CPU.Build.0 = Release|Any CPU
	EndGlobalSection
	GlobalSection(SolutionProperties) = preSolution
		HideSolutionNode = FALSE
	EndGlobalSection
	GlobalSection(MonoDevelopProperties) = preSolution
		StartupItem = Assembly-CSharp.csproj
	EndGlobalSection
EndGlobal
