Microsoft Visual Studio Solution File, Format Version 11.00
# Visual Studio 2008

Project("{2BD9F297-720E-81BE-572F-02B9CF4196A9}") = "Perfect Pitch", "Assembly-CSharp.csproj", "{D5ABD6EE-19AC-6D37-00A6-E87EAB04A323}"
EndProject
Global
	GlobalSection(SolutionConfigurationPlatforms) = preSolution
		Debug|Any CPU = Debug|Any CPU
		Release|Any CPU = Release|Any CPU
	EndGlobalSection
	GlobalSection(ProjectConfigurationPlatforms) = postSolution
		{D5ABD6EE-19AC-6D37-00A6-E87EAB04A323}.Debug|Any CPU.ActiveCfg = Debug|Any CPU
		{D5ABD6EE-19AC-6D37-00A6-E87EAB04A323}.Debug|Any CPU.Build.0 = Debug|Any CPU
		{D5ABD6EE-19AC-6D37-00A6-E87EAB04A323}.Release|Any CPU.ActiveCfg = Release|Any CPU
		{D5ABD6EE-19AC-6D37-00A6-E87EAB04A323}.Release|Any CPU.Build.0 = Release|Any CPU
	EndGlobalSection
	GlobalSection(SolutionProperties) = preSolution
		HideSolutionNode = FALSE
	EndGlobalSection
	GlobalSection(MonoDevelopProperties) = preSolution
		StartupItem = Assembly-CSharp.csproj
	EndGlobalSection
EndGlobal
